
Microsoft Visual Studio Solution File, Format Version 12.00
# Visual Studio Version 16
VisualStudioVersion = 16.0.29519.181
MinimumVisualStudioVersion = 10.0.40219.1
Project("{9A19103F-16F7-4668-BE54-9A1E7A4F7556}") = "SoftUniParking", "SoftUniParking.csproj", "{6F73F4C7-099F-45A4-866B-A5FED5A676AC}"
EndProject
Global
	GlobalSection(SolutionConfigurationPlatforms) = preSolution
		Debug|Any CPU = Debug|Any CPU
		Release|Any CPU = Release|Any CPU
	EndGlobalSection
	GlobalSection(ProjectConfigurationPlatforms) = postSolution
		{6F73F4C7-099F-45A4-866B-A5FED5A676AC}.Debug|Any CPU.ActiveCfg = Debug|Any CPU
		{6F73F4C7-099F-45A4-866B-A5FED5A676AC}.Debug|Any CPU.Build.0 = Debug|Any CPU
		{6F73F4C7-099F-45A4-866B-A5FED5A676AC}.Release|Any CPU.ActiveCfg = Release|Any CPU
		{6F73F4C7-099F-45A4-866B-A5FED5A676AC}.Release|Any CPU.Build.0 = Release|Any CPU
	EndGlobalSection
	GlobalSection(SolutionProperties) = preSolution
		HideSolutionNode = FALSE
	EndGlobalSection
	GlobalSection(ExtensibilityGlobals) = postSolution
		SolutionGuid = {0245BFB5-79FC-4677-99C1-11E4EDEF88EF}
	EndGlobalSection
EndGlobal
